// !$*UTF8*$!
{
	archiveVersion = 1;
	classes = {
	};
	objectVersion = 51;
	objects = {

/* Begin PBXBuildFile section */
		B13FBFB28209C1311A5A9FE4 /* Pods_WeatherExample.framework in Frameworks */ = {isa = PBXBuildFile; fileRef = BA704D5457FF749907E01977 /* Pods_WeatherExample.framework */; };
		CE01546826C106300076769C /* NetworkManager.swift in Sources */ = {isa = PBXBuildFile; fileRef = CE01546726C106300076769C /* NetworkManager.swift */; };
		CE01546B26C1083B0076769C /* WeatherModel.swift in Sources */ = {isa = PBXBuildFile; fileRef = CE01546A26C1083B0076769C /* WeatherModel.swift */; };
		CE01546D26C108600076769C /* TempWeatherModel.swift in Sources */ = {isa = PBXBuildFile; fileRef = CE01546C26C108600076769C /* TempWeatherModel.swift */; };
		CE01547126C1128D0076769C /* StringExtensions.swift in Sources */ = {isa = PBXBuildFile; fileRef = CE01547026C1128D0076769C /* StringExtensions.swift */; };
		CE01547326C1153C0076769C /* FloatExtensions.swift in Sources */ = {isa = PBXBuildFile; fileRef = CE01547226C1153C0076769C /* FloatExtensions.swift */; };
		CE01547526C11E450076769C /* UINavigationBarExtensions.swift in Sources */ = {isa = PBXBuildFile; fileRef = CE01547426C11E450076769C /* UINavigationBarExtensions.swift */; };
		CE01547726C120D40076769C /* IntExtensions.swift in Sources */ = {isa = PBXBuildFile; fileRef = CE01547626C120D40076769C /* IntExtensions.swift */; };
		CE01547926C122850076769C /* SunWeatherModel.swift in Sources */ = {isa = PBXBuildFile; fileRef = CE01547826C122850076769C /* SunWeatherModel.swift */; };
		CE01547E26C12A5A0076769C /* DateExtensions.swift in Sources */ = {isa = PBXBuildFile; fileRef = CE01547D26C12A5A0076769C /* DateExtensions.swift */; };
		CE01548026C130060076769C /* WeatherViewModel.swift in Sources */ = {isa = PBXBuildFile; fileRef = CE01547F26C130060076769C /* WeatherViewModel.swift */; };
		CEE2720326BD5F3B0092C200 /* AppDelegate.swift in Sources */ = {isa = PBXBuildFile; fileRef = CEE2720226BD5F3B0092C200 /* AppDelegate.swift */; };
		CEE2720526BD5F3B0092C200 /* SceneDelegate.swift in Sources */ = {isa = PBXBuildFile; fileRef = CEE2720426BD5F3B0092C200 /* SceneDelegate.swift */; };
		CEE2720726BD5F3B0092C200 /* ViewController.swift in Sources */ = {isa = PBXBuildFile; fileRef = CEE2720626BD5F3B0092C200 /* ViewController.swift */; };
		CEE2720A26BD5F3B0092C200 /* Main.storyboard in Resources */ = {isa = PBXBuildFile; fileRef = CEE2720826BD5F3B0092C200 /* Main.storyboard */; };
		CEE2720D26BD5F3B0092C200 /* WeatherExample.xcdatamodeld in Sources */ = {isa = PBXBuildFile; fileRef = CEE2720B26BD5F3B0092C200 /* WeatherExample.xcdatamodeld */; };
		CEE2720F26BD5F3D0092C200 /* Assets.xcassets in Resources */ = {isa = PBXBuildFile; fileRef = CEE2720E26BD5F3D0092C200 /* Assets.xcassets */; };
		CEE2721226BD5F3D0092C200 /* LaunchScreen.storyboard in Resources */ = {isa = PBXBuildFile; fileRef = CEE2721026BD5F3D0092C200 /* LaunchScreen.storyboard */; };
		CEE2722226BD70C20092C200 /* ResponseModel.swift in Sources */ = {isa = PBXBuildFile; fileRef = CEE2722126BD70C20092C200 /* ResponseModel.swift */; };
		CEE2722426BD73E90092C200 /* WeatherResponseModel.swift in Sources */ = {isa = PBXBuildFile; fileRef = CEE2722326BD73E90092C200 /* WeatherResponseModel.swift */; };
		CEEF600A26C2449900B41A6B /* APIConstants.swift in Sources */ = {isa = PBXBuildFile; fileRef = CEEF600926C2449900B41A6B /* APIConstants.swift */; };
/* End PBXBuildFile section */

/* Begin PBXFileReference section */
		1549935F98BD35ABFBE3FB51 /* Pods-WeatherExample.release.xcconfig */ = {isa = PBXFileReference; includeInIndex = 1; lastKnownFileType = text.xcconfig; name = "Pods-WeatherExample.release.xcconfig"; path = "Target Support Files/Pods-WeatherExample/Pods-WeatherExample.release.xcconfig"; sourceTree = "<group>"; };
		2C4108BCDBE2EBAD66351CD2 /* Pods-WeatherExample.debug.xcconfig */ = {isa = PBXFileReference; includeInIndex = 1; lastKnownFileType = text.xcconfig; name = "Pods-WeatherExample.debug.xcconfig"; path = "Target Support Files/Pods-WeatherExample/Pods-WeatherExample.debug.xcconfig"; sourceTree = "<group>"; };
		BA704D5457FF749907E01977 /* Pods_WeatherExample.framework */ = {isa = PBXFileReference; explicitFileType = wrapper.framework; includeInIndex = 0; path = Pods_WeatherExample.framework; sourceTree = BUILT_PRODUCTS_DIR; };
		CE01546726C106300076769C /* NetworkManager.swift */ = {isa = PBXFileReference; lastKnownFileType = sourcecode.swift; path = NetworkManager.swift; sourceTree = "<group>"; };
		CE01546A26C1083B0076769C /* WeatherModel.swift */ = {isa = PBXFileReference; lastKnownFileType = sourcecode.swift; path = WeatherModel.swift; sourceTree = "<group>"; };
		CE01546C26C108600076769C /* TempWeatherModel.swift */ = {isa = PBXFileReference; lastKnownFileType = sourcecode.swift; path = TempWeatherModel.swift; sourceTree = "<group>"; };
		CE01547026C1128D0076769C /* StringExtensions.swift */ = {isa = PBXFileReference; lastKnownFileType = sourcecode.swift; path = StringExtensions.swift; sourceTree = "<group>"; };
		CE01547226C1153C0076769C /* FloatExtensions.swift */ = {isa = PBXFileReference; lastKnownFileType = sourcecode.swift; path = FloatExtensions.swift; sourceTree = "<group>"; };
		CE01547426C11E450076769C /* UINavigationBarExtensions.swift */ = {isa = PBXFileReference; lastKnownFileType = sourcecode.swift; path = UINavigationBarExtensions.swift; sourceTree = "<group>"; };
		CE01547626C120D40076769C /* IntExtensions.swift */ = {isa = PBXFileReference; lastKnownFileType = sourcecode.swift; path = IntExtensions.swift; sourceTree = "<group>"; };
		CE01547826C122850076769C /* SunWeatherModel.swift */ = {isa = PBXFileReference; lastKnownFileType = sourcecode.swift; path = SunWeatherModel.swift; sourceTree = "<group>"; };
		CE01547D26C12A5A0076769C /* DateExtensions.swift */ = {isa = PBXFileReference; lastKnownFileType = sourcecode.swift; path = DateExtensions.swift; sourceTree = "<group>"; };
		CE01547F26C130060076769C /* WeatherViewModel.swift */ = {isa = PBXFileReference; lastKnownFileType = sourcecode.swift; path = WeatherViewModel.swift; sourceTree = "<group>"; };
		CEE271FF26BD5F3B0092C200 /* WeatherExample.app */ = {isa = PBXFileReference; explicitFileType = wrapper.application; includeInIndex = 0; path = WeatherExample.app; sourceTree = BUILT_PRODUCTS_DIR; };
		CEE2720226BD5F3B0092C200 /* AppDelegate.swift */ = {isa = PBXFileReference; lastKnownFileType = sourcecode.swift; path = AppDelegate.swift; sourceTree = "<group>"; };
		CEE2720426BD5F3B0092C200 /* SceneDelegate.swift */ = {isa = PBXFileReference; lastKnownFileType = sourcecode.swift; path = SceneDelegate.swift; sourceTree = "<group>"; };
		CEE2720626BD5F3B0092C200 /* ViewController.swift */ = {isa = PBXFileReference; lastKnownFileType = sourcecode.swift; path = ViewController.swift; sourceTree = "<group>"; };
		CEE2720926BD5F3B0092C200 /* Base */ = {isa = PBXFileReference; lastKnownFileType = file.storyboard; name = Base; path = Base.lproj/Main.storyboard; sourceTree = "<group>"; };
		CEE2720C26BD5F3B0092C200 /* WeatherExample.xcdatamodel */ = {isa = PBXFileReference; lastKnownFileType = wrapper.xcdatamodel; path = WeatherExample.xcdatamodel; sourceTree = "<group>"; };
		CEE2720E26BD5F3D0092C200 /* Assets.xcassets */ = {isa = PBXFileReference; lastKnownFileType = folder.assetcatalog; path = Assets.xcassets; sourceTree = "<group>"; };
		CEE2721126BD5F3D0092C200 /* Base */ = {isa = PBXFileReference; lastKnownFileType = file.storyboard; name = Base; path = Base.lproj/LaunchScreen.storyboard; sourceTree = "<group>"; };
		CEE2721326BD5F3D0092C200 /* Info.plist */ = {isa = PBXFileReference; lastKnownFileType = text.plist.xml; path = Info.plist; sourceTree = "<group>"; };
		CEE2722126BD70C20092C200 /* ResponseModel.swift */ = {isa = PBXFileReference; lastKnownFileType = sourcecode.swift; path = ResponseModel.swift; sourceTree = "<group>"; };
		CEE2722326BD73E90092C200 /* WeatherResponseModel.swift */ = {isa = PBXFileReference; lastKnownFileType = sourcecode.swift; path = WeatherResponseModel.swift; sourceTree = "<group>"; };
		CEEF600926C2449900B41A6B /* APIConstants.swift */ = {isa = PBXFileReference; lastKnownFileType = sourcecode.swift; path = APIConstants.swift; sourceTree = "<group>"; };
/* End PBXFileReference section */

/* Begin PBXFrameworksBuildPhase section */
		CEE271FC26BD5F3B0092C200 /* Frameworks */ = {
			isa = PBXFrameworksBuildPhase;
			buildActionMask = 2147483647;
			files = (
				B13FBFB28209C1311A5A9FE4 /* Pods_WeatherExample.framework in Frameworks */,
			);
			runOnlyForDeploymentPostprocessing = 0;
		};
/* End PBXFrameworksBuildPhase section */

/* Begin PBXGroup section */
		0E8A451C50CC90CDFA832DC8 /* Pods */ = {
			isa = PBXGroup;
			children = (
				2C4108BCDBE2EBAD66351CD2 /* Pods-WeatherExample.debug.xcconfig */,
				1549935F98BD35ABFBE3FB51 /* Pods-WeatherExample.release.xcconfig */,
			);
			path = Pods;
			sourceTree = "<group>";
		};
		CE01546626C106010076769C /* Network */ = {
			isa = PBXGroup;
			children = (
				CE01546726C106300076769C /* NetworkManager.swift */,
			);
			path = Network;
			sourceTree = "<group>";
		};
		CE01546E26C112720076769C /* Utils */ = {
			isa = PBXGroup;
			children = (
				CEEF600926C2449900B41A6B /* APIConstants.swift */,
				CE01546F26C1127B0076769C /* Extensions */,
			);
			path = Utils;
			sourceTree = "<group>";
		};
		CE01546F26C1127B0076769C /* Extensions */ = {
			isa = PBXGroup;
			children = (
				CE01547026C1128D0076769C /* StringExtensions.swift */,
				CE01547226C1153C0076769C /* FloatExtensions.swift */,
				CE01547426C11E450076769C /* UINavigationBarExtensions.swift */,
				CE01547626C120D40076769C /* IntExtensions.swift */,
				CE01547D26C12A5A0076769C /* DateExtensions.swift */,
			);
			path = Extensions;
			sourceTree = "<group>";
		};
		CEE271F626BD5F3B0092C200 = {
			isa = PBXGroup;
			children = (
				CEE2720126BD5F3B0092C200 /* WeatherExample */,
				CEE2720026BD5F3B0092C200 /* Products */,
				0E8A451C50CC90CDFA832DC8 /* Pods */,
				F36E6877A2D5E0A7DAB14274 /* Frameworks */,
			);
			sourceTree = "<group>";
		};
		CEE2720026BD5F3B0092C200 /* Products */ = {
			isa = PBXGroup;
			children = (
				CEE271FF26BD5F3B0092C200 /* WeatherExample.app */,
			);
			name = Products;
			sourceTree = "<group>";
		};
		CEE2720126BD5F3B0092C200 /* WeatherExample */ = {
			isa = PBXGroup;
			children = (
				CEE2721326BD5F3D0092C200 /* Info.plist */,
				CEE2721A26BD63B50092C200 /* Application */,
				CEE2721B26BD63C20092C200 /* CoreData */,
				CEE2722026BD70AF0092C200 /* Models */,
				CEE2721E26BD63F00092C200 /* Modules */,
				CE01546626C106010076769C /* Network */,
				CEE2721C26BD63D80092C200 /* Resources */,
				CE01546E26C112720076769C /* Utils */,
			);
			path = WeatherExample;
			sourceTree = "<group>";
		};
		CEE2721A26BD63B50092C200 /* Application */ = {
			isa = PBXGroup;
			children = (
				CEE2720226BD5F3B0092C200 /* AppDelegate.swift */,
				CEE2720426BD5F3B0092C200 /* SceneDelegate.swift */,
			);
			path = Application;
			sourceTree = "<group>";
		};
		CEE2721B26BD63C20092C200 /* CoreData */ = {
			isa = PBXGroup;
			children = (
				CEE2720B26BD5F3B0092C200 /* WeatherExample.xcdatamodeld */,
			);
			path = CoreData;
			sourceTree = "<group>";
		};
		CEE2721C26BD63D80092C200 /* Resources */ = {
			isa = PBXGroup;
			children = (
				CEE2720E26BD5F3D0092C200 /* Assets.xcassets */,
			);
			path = Resources;
			sourceTree = "<group>";
		};
		CEE2721E26BD63F00092C200 /* Modules */ = {
			isa = PBXGroup;
			children = (
				CEE2721026BD5F3D0092C200 /* LaunchScreen.storyboard */,
				CEE2721F26BD64760092C200 /* Main */,
			);
			path = Modules;
			sourceTree = "<group>";
		};
		CEE2721F26BD64760092C200 /* Main */ = {
			isa = PBXGroup;
			children = (
				CEE2720626BD5F3B0092C200 /* ViewController.swift */,
				CE01547F26C130060076769C /* WeatherViewModel.swift */,
				CEE2720826BD5F3B0092C200 /* Main.storyboard */,
			);
			path = Main;
			sourceTree = "<group>";
		};
		CEE2722026BD70AF0092C200 /* Models */ = {
			isa = PBXGroup;
			children = (
				CEE2722126BD70C20092C200 /* ResponseModel.swift */,
				CEE2722326BD73E90092C200 /* WeatherResponseModel.swift */,
				CE01546A26C1083B0076769C /* WeatherModel.swift */,
				CE01546C26C108600076769C /* TempWeatherModel.swift */,
				CE01547826C122850076769C /* SunWeatherModel.swift */,
			);
			path = Models;
			sourceTree = "<group>";
		};
		F36E6877A2D5E0A7DAB14274 /* Frameworks */ = {
			isa = PBXGroup;
			children = (
				BA704D5457FF749907E01977 /* Pods_WeatherExample.framework */,
			);
			name = Frameworks;
			sourceTree = "<group>";
		};
/* End PBXGroup section */

/* Begin PBXNativeTarget section */
		CEE271FE26BD5F3B0092C200 /* WeatherExample */ = {
			isa = PBXNativeTarget;
			buildConfigurationList = CEE2721626BD5F3D0092C200 /* Build configuration list for PBXNativeTarget "WeatherExample" */;
			buildPhases = (
				BA500D4D0821B6B3EF1A634B /* [CP] Check Pods Manifest.lock */,
				CEE2721926BD61D30092C200 /* ShellScript */,
				CEE271FB26BD5F3B0092C200 /* Sources */,
				CEE271FC26BD5F3B0092C200 /* Frameworks */,
				CEE271FD26BD5F3B0092C200 /* Resources */,
				C543252486B99ED09CE2E0F8 /* [CP] Embed Pods Frameworks */,
			);
			buildRules = (
			);
			dependencies = (
			);
			name = WeatherExample;
			productName = WeatherExample;
			productReference = CEE271FF26BD5F3B0092C200 /* WeatherExample.app */;
			productType = "com.apple.product-type.application";
		};
/* End PBXNativeTarget section */

/* Begin PBXProject section */
		CEE271F726BD5F3B0092C200 /* Project object */ = {
			isa = PBXProject;
			attributes = {
				LastSwiftUpdateCheck = 1250;
				LastUpgradeCheck = 1250;
				TargetAttributes = {
					CEE271FE26BD5F3B0092C200 = {
						CreatedOnToolsVersion = 12.5.1;
					};
				};
			};
			buildConfigurationList = CEE271FA26BD5F3B0092C200 /* Build configuration list for PBXProject "WeatherExample" */;
			compatibilityVersion = "Xcode 9.3";
			developmentRegion = en;
			hasScannedForEncodings = 0;
			knownRegions = (
				en,
				Base,
			);
			mainGroup = CEE271F626BD5F3B0092C200;
			productRefGroup = CEE2720026BD5F3B0092C200 /* Products */;
			projectDirPath = "";
			projectRoot = "";
			targets = (
				CEE271FE26BD5F3B0092C200 /* WeatherExample */,
			);
		};
/* End PBXProject section */

/* Begin PBXResourcesBuildPhase section */
		CEE271FD26BD5F3B0092C200 /* Resources */ = {
			isa = PBXResourcesBuildPhase;
			buildActionMask = 2147483647;
			files = (
				CEE2721226BD5F3D0092C200 /* LaunchScreen.storyboard in Resources */,
				CEE2720F26BD5F3D0092C200 /* Assets.xcassets in Resources */,
				CEE2720A26BD5F3B0092C200 /* Main.storyboard in Resources */,
			);
			runOnlyForDeploymentPostprocessing = 0;
		};
/* End PBXResourcesBuildPhase section */

/* Begin PBXShellScriptBuildPhase section */
		BA500D4D0821B6B3EF1A634B /* [CP] Check Pods Manifest.lock */ = {
			isa = PBXShellScriptBuildPhase;
			buildActionMask = 2147483647;
			files = (
			);
			inputFileListPaths = (
			);
			inputPaths = (
				"${PODS_PODFILE_DIR_PATH}/Podfile.lock",
				"${PODS_ROOT}/Manifest.lock",
			);
			name = "[CP] Check Pods Manifest.lock";
			outputFileListPaths = (
			);
			outputPaths = (
				"$(DERIVED_FILE_DIR)/Pods-WeatherExample-checkManifestLockResult.txt",
			);
			runOnlyForDeploymentPostprocessing = 0;
			shellPath = /bin/sh;
			shellScript = "diff \"${PODS_PODFILE_DIR_PATH}/Podfile.lock\" \"${PODS_ROOT}/Manifest.lock\" > /dev/null\nif [ $? != 0 ] ; then\n    # print error to STDERR\n    echo \"error: The sandbox is not in sync with the Podfile.lock. Run 'pod install' or update your CocoaPods installation.\" >&2\n    exit 1\nfi\n# This output is used by Xcode 'outputs' to avoid re-running this script phase.\necho \"SUCCESS\" > \"${SCRIPT_OUTPUT_FILE_0}\"\n";
			showEnvVarsInLog = 0;
		};
		C543252486B99ED09CE2E0F8 /* [CP] Embed Pods Frameworks */ = {
			isa = PBXShellScriptBuildPhase;
			buildActionMask = 2147483647;
			files = (
			);
			inputFileListPaths = (
				"${PODS_ROOT}/Target Support Files/Pods-WeatherExample/Pods-WeatherExample-frameworks-${CONFIGURATION}-input-files.xcfilelist",
			);
			name = "[CP] Embed Pods Frameworks";
			outputFileListPaths = (
				"${PODS_ROOT}/Target Support Files/Pods-WeatherExample/Pods-WeatherExample-frameworks-${CONFIGURATION}-output-files.xcfilelist",
			);
			runOnlyForDeploymentPostprocessing = 0;
			shellPath = /bin/sh;
			shellScript = "\"${PODS_ROOT}/Target Support Files/Pods-WeatherExample/Pods-WeatherExample-frameworks.sh\"\n";
			showEnvVarsInLog = 0;
		};
		CEE2721926BD61D30092C200 /* ShellScript */ = {
			isa = PBXShellScriptBuildPhase;
			buildActionMask = 2147483647;
			files = (
			);
			inputFileListPaths = (
			);
			inputPaths = (
			);
			outputFileListPaths = (
			);
			outputPaths = (
			);
			runOnlyForDeploymentPostprocessing = 0;
			shellPath = /bin/sh;
			shellScript = "${PODS_ROOT}/SwiftLint/swiftlint\n";
		};
/* End PBXShellScriptBuildPhase section */

/* Begin PBXSourcesBuildPhase section */
		CEE271FB26BD5F3B0092C200 /* Sources */ = {
			isa = PBXSourcesBuildPhase;
			buildActionMask = 2147483647;
			files = (
				CEE2720726BD5F3B0092C200 /* ViewController.swift in Sources */,
				CE01547326C1153C0076769C /* FloatExtensions.swift in Sources */,
				CEEF600A26C2449900B41A6B /* APIConstants.swift in Sources */,
				CEE2720326BD5F3B0092C200 /* AppDelegate.swift in Sources */,
				CE01547126C1128D0076769C /* StringExtensions.swift in Sources */,
				CEE2720526BD5F3B0092C200 /* SceneDelegate.swift in Sources */,
				CE01546826C106300076769C /* NetworkManager.swift in Sources */,
				CE01546D26C108600076769C /* TempWeatherModel.swift in Sources */,
				CE01547726C120D40076769C /* IntExtensions.swift in Sources */,
				CEE2722226BD70C20092C200 /* ResponseModel.swift in Sources */,
				CE01547926C122850076769C /* SunWeatherModel.swift in Sources */,
				CEE2722426BD73E90092C200 /* WeatherResponseModel.swift in Sources */,
				CE01547E26C12A5A0076769C /* DateExtensions.swift in Sources */,
				CE01547526C11E450076769C /* UINavigationBarExtensions.swift in Sources */,
				CE01548026C130060076769C /* WeatherViewModel.swift in Sources */,
				CE01546B26C1083B0076769C /* WeatherModel.swift in Sources */,
				CEE2720D26BD5F3B0092C200 /* WeatherExample.xcdatamodeld in Sources */,
			);
			runOnlyForDeploymentPostprocessing = 0;
		};
/* End PBXSourcesBuildPhase section */

/* Begin PBXVariantGroup section */
		CEE2720826BD5F3B0092C200 /* Main.storyboard */ = {
			isa = PBXVariantGroup;
			children = (
				CEE2720926BD5F3B0092C200 /* Base */,
			);
			name = Main.storyboard;
			sourceTree = "<group>";
		};
		CEE2721026BD5F3D0092C200 /* LaunchScreen.storyboard */ = {
			isa = PBXVariantGroup;
			children = (
				CEE2721126BD5F3D0092C200 /* Base */,
			);
			name = LaunchScreen.storyboard;
			sourceTree = "<group>";
		};
/* End PBXVariantGroup section */

/* Begin XCBuildConfiguration section */
		CEE2721426BD5F3D0092C200 /* Debug */ = {
			isa = XCBuildConfiguration;
			buildSettings = {
				ALWAYS_SEARCH_USER_PATHS = NO;
				CLANG_ANALYZER_NONNULL = YES;
				CLANG_ANALYZER_NUMBER_OBJECT_CONVERSION = YES_AGGRESSIVE;
				CLANG_CXX_LANGUAGE_STANDARD = "gnu++14";
				CLANG_CXX_LIBRARY = "libc++";
				CLANG_ENABLE_MODULES = YES;
				CLANG_ENABLE_OBJC_ARC = YES;
				CLANG_ENABLE_OBJC_WEAK = YES;
				CLANG_WARN_BLOCK_CAPTURE_AUTORELEASING = YES;
				CLANG_WARN_BOOL_CONVERSION = YES;
				CLANG_WARN_COMMA = YES;
				CLANG_WARN_CONSTANT_CONVERSION = YES;
				CLANG_WARN_DEPRECATED_OBJC_IMPLEMENTATIONS = YES;
				CLANG_WARN_DIRECT_OBJC_ISA_USAGE = YES_ERROR;
				CLANG_WARN_DOCUMENTATION_COMMENTS = YES;
				CLANG_WARN_EMPTY_BODY = YES;
				CLANG_WARN_ENUM_CONVERSION = YES;
				CLANG_WARN_INFINITE_RECURSION = YES;
				CLANG_WARN_INT_CONVERSION = YES;
				CLANG_WARN_NON_LITERAL_NULL_CONVERSION = YES;
				CLANG_WARN_OBJC_IMPLICIT_RETAIN_SELF = YES;
				CLANG_WARN_OBJC_LITERAL_CONVERSION = YES;
				CLANG_WARN_OBJC_ROOT_CLASS = YES_ERROR;
				CLANG_WARN_QUOTED_INCLUDE_IN_FRAMEWORK_HEADER = YES;
				CLANG_WARN_RANGE_LOOP_ANALYSIS = YES;
				CLANG_WARN_STRICT_PROTOTYPES = YES;
				CLANG_WARN_SUSPICIOUS_MOVE = YES;
				CLANG_WARN_UNGUARDED_AVAILABILITY = YES_AGGRESSIVE;
				CLANG_WARN_UNREACHABLE_CODE = YES;
				CLANG_WARN__DUPLICATE_METHOD_MATCH = YES;
				COPY_PHASE_STRIP = NO;
				DEBUG_INFORMATION_FORMAT = dwarf;
				ENABLE_STRICT_OBJC_MSGSEND = YES;
				ENABLE_TESTABILITY = YES;
				GCC_C_LANGUAGE_STANDARD = gnu11;
				GCC_DYNAMIC_NO_PIC = NO;
				GCC_NO_COMMON_BLOCKS = YES;
				GCC_OPTIMIZATION_LEVEL = 0;
				GCC_PREPROCESSOR_DEFINITIONS = (
					"DEBUG=1",
					"$(inherited)",
				);
				GCC_WARN_64_TO_32_BIT_CONVERSION = YES;
				GCC_WARN_ABOUT_RETURN_TYPE = YES_ERROR;
				GCC_WARN_UNDECLARED_SELECTOR = YES;
				GCC_WARN_UNINITIALIZED_AUTOS = YES_AGGRESSIVE;
				GCC_WARN_UNUSED_FUNCTION = YES;
				GCC_WARN_UNUSED_VARIABLE = YES;
				IPHONEOS_DEPLOYMENT_TARGET = 14.5;
				MTL_ENABLE_DEBUG_INFO = INCLUDE_SOURCE;
				MTL_FAST_MATH = YES;
				ONLY_ACTIVE_ARCH = YES;
				SDKROOT = iphoneos;
				SWIFT_ACTIVE_COMPILATION_CONDITIONS = DEBUG;
				SWIFT_OPTIMIZATION_LEVEL = "-Onone";
			};
			name = Debug;
		};
		CEE2721526BD5F3D0092C200 /* Release */ = {
			isa = XCBuildConfiguration;
			buildSettings = {
				ALWAYS_SEARCH_USER_PATHS = NO;
				CLANG_ANALYZER_NONNULL = YES;
				CLANG_ANALYZER_NUMBER_OBJECT_CONVERSION = YES_AGGRESSIVE;
				CLANG_CXX_LANGUAGE_STANDARD = "gnu++14";
				CLANG_CXX_LIBRARY = "libc++";
				CLANG_ENABLE_MODULES = YES;
				CLANG_ENABLE_OBJC_ARC = YES;
				CLANG_ENABLE_OBJC_WEAK = YES;
				CLANG_WARN_BLOCK_CAPTURE_AUTORELEASING = YES;
				CLANG_WARN_BOOL_CONVERSION = YES;
				CLANG_WARN_COMMA = YES;
				CLANG_WARN_CONSTANT_CONVERSION = YES;
				CLANG_WARN_DEPRECATED_OBJC_IMPLEMENTATIONS = YES;
				CLANG_WARN_DIRECT_OBJC_ISA_USAGE = YES_ERROR;
				CLANG_WARN_DOCUMENTATION_COMMENTS = YES;
				CLANG_WARN_EMPTY_BODY = YES;
				CLANG_WARN_ENUM_CONVERSION = YES;
				CLANG_WARN_INFINITE_RECURSION = YES;
				CLANG_WARN_INT_CONVERSION = YES;
				CLANG_WARN_NON_LITERAL_NULL_CONVERSION = YES;
				CLANG_WARN_OBJC_IMPLICIT_RETAIN_SELF = YES;
				CLANG_WARN_OBJC_LITERAL_CONVERSION = YES;
				CLANG_WARN_OBJC_ROOT_CLASS = YES_ERROR;
				CLANG_WARN_QUOTED_INCLUDE_IN_FRAMEWORK_HEADER = YES;
				CLANG_WARN_RANGE_LOOP_ANALYSIS = YES;
				CLANG_WARN_STRICT_PROTOTYPES = YES;
				CLANG_WARN_SUSPICIOUS_MOVE = YES;
				CLANG_WARN_UNGUARDED_AVAILABILITY = YES_AGGRESSIVE;
				CLANG_WARN_UNREACHABLE_CODE = YES;
				CLANG_WARN__DUPLICATE_METHOD_MATCH = YES;
				COPY_PHASE_STRIP = NO;
				DEBUG_INFORMATION_FORMAT = "dwarf-with-dsym";
				ENABLE_NS_ASSERTIONS = NO;
				ENABLE_STRICT_OBJC_MSGSEND = YES;
				GCC_C_LANGUAGE_STANDARD = gnu11;
				GCC_NO_COMMON_BLOCKS = YES;
				GCC_WARN_64_TO_32_BIT_CONVERSION = YES;
				GCC_WARN_ABOUT_RETURN_TYPE = YES_ERROR;
				GCC_WARN_UNDECLARED_SELECTOR = YES;
				GCC_WARN_UNINITIALIZED_AUTOS = YES_AGGRESSIVE;
				GCC_WARN_UNUSED_FUNCTION = YES;
				GCC_WARN_UNUSED_VARIABLE = YES;
				IPHONEOS_DEPLOYMENT_TARGET = 14.5;
				MTL_ENABLE_DEBUG_INFO = NO;
				MTL_FAST_MATH = YES;
				SDKROOT = iphoneos;
				SWIFT_COMPILATION_MODE = wholemodule;
				SWIFT_OPTIMIZATION_LEVEL = "-O";
				VALIDATE_PRODUCT = YES;
			};
			name = Release;
		};
		CEE2721726BD5F3D0092C200 /* Debug */ = {
			isa = XCBuildConfiguration;
			baseConfigurationReference = 2C4108BCDBE2EBAD66351CD2 /* Pods-WeatherExample.debug.xcconfig */;
			buildSettings = {
				ASSETCATALOG_COMPILER_APPICON_NAME = AppIcon;
				ASSETCATALOG_COMPILER_GLOBAL_ACCENT_COLOR_NAME = AccentColor;
				CODE_SIGN_STYLE = Automatic;
				DEVELOPMENT_TEAM = FFWMQ7T85M;
				INFOPLIST_FILE = WeatherExample/Info.plist;
				IPHONEOS_DEPLOYMENT_TARGET = 13.4;
				LD_RUNPATH_SEARCH_PATHS = (
					"$(inherited)",
					"@executable_path/Frameworks",
				);
				PRODUCT_BUNDLE_IDENTIFIER = com.chubakova.WeatherExample;
				PRODUCT_NAME = "$(TARGET_NAME)";
				SWIFT_VERSION = 5.0;
				TARGETED_DEVICE_FAMILY = 1;
			};
			name = Debug;
		};
		CEE2721826BD5F3D0092C200 /* Release */ = {
			isa = XCBuildConfiguration;
			baseConfigurationReference = 1549935F98BD35ABFBE3FB51 /* Pods-WeatherExample.release.xcconfig */;
			buildSettings = {
				ASSETCATALOG_COMPILER_APPICON_NAME = AppIcon;
				ASSETCATALOG_COMPILER_GLOBAL_ACCENT_COLOR_NAME = AccentColor;
				CODE_SIGN_STYLE = Automatic;
				DEVELOPMENT_TEAM = FFWMQ7T85M;
				INFOPLIST_FILE = WeatherExample/Info.plist;
				IPHONEOS_DEPLOYMENT_TARGET = 13.4;
				LD_RUNPATH_SEARCH_PATHS = (
					"$(inherited)",
					"@executable_path/Frameworks",
				);
				PRODUCT_BUNDLE_IDENTIFIER = com.chubakova.WeatherExample;
				PRODUCT_NAME = "$(TARGET_NAME)";
				SWIFT_VERSION = 5.0;
				TARGETED_DEVICE_FAMILY = 1;
			};
			name = Release;
		};
/* End XCBuildConfiguration section */

/* Begin XCConfigurationList section */
		CEE271FA26BD5F3B0092C200 /* Build configuration list for PBXProject "WeatherExample" */ = {
			isa = XCConfigurationList;
			buildConfigurations = (
				CEE2721426BD5F3D0092C200 /* Debug */,
				CEE2721526BD5F3D0092C200 /* Release */,
			);
			defaultConfigurationIsVisible = 0;
			defaultConfigurationName = Release;
		};
		CEE2721626BD5F3D0092C200 /* Build configuration list for PBXNativeTarget "WeatherExample" */ = {
			isa = XCConfigurationList;
			buildConfigurations = (
				CEE2721726BD5F3D0092C200 /* Debug */,
				CEE2721826BD5F3D0092C200 /* Release */,
			);
			defaultConfigurationIsVisible = 0;
			defaultConfigurationName = Release;
		};
/* End XCConfigurationList section */

/* Begin XCVersionGroup section */
		CEE2720B26BD5F3B0092C200 /* WeatherExample.xcdatamodeld */ = {
			isa = XCVersionGroup;
			children = (
				CEE2720C26BD5F3B0092C200 /* WeatherExample.xcdatamodel */,
			);
			currentVersion = CEE2720C26BD5F3B0092C200 /* WeatherExample.xcdatamodel */;
			path = WeatherExample.xcdatamodeld;
			sourceTree = "<group>";
			versionGroupType = wrapper.xcdatamodel;
		};
/* End XCVersionGroup section */
	};
	rootObject = CEE271F726BD5F3B0092C200 /* Project object */;
}
